
Microsoft Visual Studio Solution File, Format Version 12.00
# Visual Studio 15
VisualStudioVersion = 15.0.27130.2010
MinimumVisualStudioVersion = 10.0.40219.1
Project("{FAE04EC0-301F-11D3-BF4B-00C04F79EFBC}") = "Discal.Console", "DiscalConsole\Discal.Console.csproj", "{9822F575-6A22-4884-B3B9-224C2BB1EB89}"
EndProject
Project("{FAE04EC0-301F-11D3-BF4B-00C04F79EFBC}") = "Discal.Orchestration", "DiscalOrchestrator\Discal.Orchestration.csproj", "{651891CF-E614-4220-B978-AF6A6E5DE6C6}"
EndProject
Project("{FAE04EC0-301F-11D3-BF4B-00C04F79EFBC}") = "Discal.Input", "DiscalInput\Discal.Input.csproj", "{A592E86F-F8CD-4B34-9E73-5AF5DDBEBCC0}"
EndProject
Project("{2150E333-8FDC-42A3-9474-1A3956D46DE8}") = "src", "src", "{3135E892-861B-49AB-8780-3C7BC6129B88}"
EndProject
Project("{2150E333-8FDC-42A3-9474-1A3956D46DE8}") = "resources", "resources", "{B437ED07-6542-4F49-B3BD-8378D6F924A7}"
	ProjectSection(SolutionItems) = preProject
		Resources\input.csv = Resources\input.csv
		Resources\test\input_test_correct.csv = Resources\test\input_test_correct.csv
		Resources\test\input_test_incomplete.csv = Resources\test\input_test_incomplete.csv
		Resources\test\input_test_incorrect.csv = Resources\test\input_test_incorrect.csv
		Resources\test\testlog.txt = Resources\test\testlog.txt
	EndProjectSection
EndProject
Project("{FAE04EC0-301F-11D3-BF4B-00C04F79EFBC}") = "Discal.Input.Tests", "Discal.Input.Tests\Discal.Input.Tests.csproj", "{08C5F2B4-0CAF-457C-8E99-8090383D4814}"
EndProject
Project("{2150E333-8FDC-42A3-9474-1A3956D46DE8}") = "test", "test", "{45B17D92-4BC2-445E-9591-F793690EDA96}"
EndProject
Project("{FAE04EC0-301F-11D3-BF4B-00C04F79EFBC}") = "Discal.Common", "Discal.Common\Discal.Common.csproj", "{FAE06315-C06C-4228-9C07-65C9D0F26A41}"
EndProject
Project("{FAE04EC0-301F-11D3-BF4B-00C04F79EFBC}") = "Discal.Common.Tests", "Discal.Common.Tests\Discal.Common.Tests.csproj", "{F0C98C37-A090-4E88-95D0-515CD264A7F3}"
EndProject
Project("{FAE04EC0-301F-11D3-BF4B-00C04F79EFBC}") = "Discal.Model", "Discal.Model\Discal.Model.csproj", "{D1B0C8BA-8606-4067-A9AA-57F185786ECE}"
EndProject
Project("{FAE04EC0-301F-11D3-BF4B-00C04F79EFBC}") = "Discal.Processing", "Discal.Processing\Discal.Processing.csproj", "{57A3DB74-5AB5-4946-A167-D5644AEC8289}"
EndProject
Project("{FAE04EC0-301F-11D3-BF4B-00C04F79EFBC}") = "Discal.Processing.Tests", "Discal.Processing.Tests\Discal.Processing.Tests.csproj", "{3C293995-8162-4928-8750-09FB28C1ACE6}"
EndProject
Global
	GlobalSection(SolutionConfigurationPlatforms) = preSolution
		Debug|Any CPU = Debug|Any CPU
		Release|Any CPU = Release|Any CPU
	EndGlobalSection
	GlobalSection(ProjectConfigurationPlatforms) = postSolution
		{9822F575-6A22-4884-B3B9-224C2BB1EB89}.Debug|Any CPU.ActiveCfg = Debug|Any CPU
		{9822F575-6A22-4884-B3B9-224C2BB1EB89}.Debug|Any CPU.Build.0 = Debug|Any CPU
		{9822F575-6A22-4884-B3B9-224C2BB1EB89}.Release|Any CPU.ActiveCfg = Release|Any CPU
		{9822F575-6A22-4884-B3B9-224C2BB1EB89}.Release|Any CPU.Build.0 = Release|Any CPU
		{651891CF-E614-4220-B978-AF6A6E5DE6C6}.Debug|Any CPU.ActiveCfg = Debug|Any CPU
		{651891CF-E614-4220-B978-AF6A6E5DE6C6}.Debug|Any CPU.Build.0 = Debug|Any CPU
		{651891CF-E614-4220-B978-AF6A6E5DE6C6}.Release|Any CPU.ActiveCfg = Release|Any CPU
		{651891CF-E614-4220-B978-AF6A6E5DE6C6}.Release|Any CPU.Build.0 = Release|Any CPU
		{A592E86F-F8CD-4B34-9E73-5AF5DDBEBCC0}.Debug|Any CPU.ActiveCfg = Debug|Any CPU
		{A592E86F-F8CD-4B34-9E73-5AF5DDBEBCC0}.Debug|Any CPU.Build.0 = Debug|Any CPU
		{A592E86F-F8CD-4B34-9E73-5AF5DDBEBCC0}.Release|Any CPU.ActiveCfg = Release|Any CPU
		{A592E86F-F8CD-4B34-9E73-5AF5DDBEBCC0}.Release|Any CPU.Build.0 = Release|Any CPU
		{08C5F2B4-0CAF-457C-8E99-8090383D4814}.Debug|Any CPU.ActiveCfg = Debug|Any CPU
		{08C5F2B4-0CAF-457C-8E99-8090383D4814}.Debug|Any CPU.Build.0 = Debug|Any CPU
		{08C5F2B4-0CAF-457C-8E99-8090383D4814}.Release|Any CPU.ActiveCfg = Release|Any CPU
		{08C5F2B4-0CAF-457C-8E99-8090383D4814}.Release|Any CPU.Build.0 = Release|Any CPU
		{FAE06315-C06C-4228-9C07-65C9D0F26A41}.Debug|Any CPU.ActiveCfg = Debug|Any CPU
		{FAE06315-C06C-4228-9C07-65C9D0F26A41}.Debug|Any CPU.Build.0 = Debug|Any CPU
		{FAE06315-C06C-4228-9C07-65C9D0F26A41}.Release|Any CPU.ActiveCfg = Release|Any CPU
		{FAE06315-C06C-4228-9C07-65C9D0F26A41}.Release|Any CPU.Build.0 = Release|Any CPU
		{F0C98C37-A090-4E88-95D0-515CD264A7F3}.Debug|Any CPU.ActiveCfg = Debug|Any CPU
		{F0C98C37-A090-4E88-95D0-515CD264A7F3}.Debug|Any CPU.Build.0 = Debug|Any CPU
		{F0C98C37-A090-4E88-95D0-515CD264A7F3}.Release|Any CPU.ActiveCfg = Release|Any CPU
		{F0C98C37-A090-4E88-95D0-515CD264A7F3}.Release|Any CPU.Build.0 = Release|Any CPU
		{D1B0C8BA-8606-4067-A9AA-57F185786ECE}.Debug|Any CPU.ActiveCfg = Debug|Any CPU
		{D1B0C8BA-8606-4067-A9AA-57F185786ECE}.Debug|Any CPU.Build.0 = Debug|Any CPU
		{D1B0C8BA-8606-4067-A9AA-57F185786ECE}.Release|Any CPU.ActiveCfg = Release|Any CPU
		{D1B0C8BA-8606-4067-A9AA-57F185786ECE}.Release|Any CPU.Build.0 = Release|Any CPU
		{57A3DB74-5AB5-4946-A167-D5644AEC8289}.Debug|Any CPU.ActiveCfg = Debug|Any CPU
		{57A3DB74-5AB5-4946-A167-D5644AEC8289}.Debug|Any CPU.Build.0 = Debug|Any CPU
		{57A3DB74-5AB5-4946-A167-D5644AEC8289}.Release|Any CPU.ActiveCfg = Release|Any CPU
		{57A3DB74-5AB5-4946-A167-D5644AEC8289}.Release|Any CPU.Build.0 = Release|Any CPU
		{3C293995-8162-4928-8750-09FB28C1ACE6}.Debug|Any CPU.ActiveCfg = Debug|Any CPU
		{3C293995-8162-4928-8750-09FB28C1ACE6}.Debug|Any CPU.Build.0 = Debug|Any CPU
		{3C293995-8162-4928-8750-09FB28C1ACE6}.Release|Any CPU.ActiveCfg = Release|Any CPU
		{3C293995-8162-4928-8750-09FB28C1ACE6}.Release|Any CPU.Build.0 = Release|Any CPU
	EndGlobalSection
	GlobalSection(SolutionProperties) = preSolution
		HideSolutionNode = FALSE
	EndGlobalSection
	GlobalSection(NestedProjects) = preSolution
		{9822F575-6A22-4884-B3B9-224C2BB1EB89} = {3135E892-861B-49AB-8780-3C7BC6129B88}
		{651891CF-E614-4220-B978-AF6A6E5DE6C6} = {3135E892-861B-49AB-8780-3C7BC6129B88}
		{A592E86F-F8CD-4B34-9E73-5AF5DDBEBCC0} = {3135E892-861B-49AB-8780-3C7BC6129B88}
		{08C5F2B4-0CAF-457C-8E99-8090383D4814} = {45B17D92-4BC2-445E-9591-F793690EDA96}
		{FAE06315-C06C-4228-9C07-65C9D0F26A41} = {3135E892-861B-49AB-8780-3C7BC6129B88}
		{F0C98C37-A090-4E88-95D0-515CD264A7F3} = {45B17D92-4BC2-445E-9591-F793690EDA96}
		{D1B0C8BA-8606-4067-A9AA-57F185786ECE} = {3135E892-861B-49AB-8780-3C7BC6129B88}
		{57A3DB74-5AB5-4946-A167-D5644AEC8289} = {3135E892-861B-49AB-8780-3C7BC6129B88}
		{3C293995-8162-4928-8750-09FB28C1ACE6} = {45B17D92-4BC2-445E-9591-F793690EDA96}
	EndGlobalSection
	GlobalSection(ExtensibilityGlobals) = postSolution
		SolutionGuid = {75A0A962-C948-447C-9828-88B9369CB118}
	EndGlobalSection
EndGlobal
